
Microsoft Visual Studio Solution File, Format Version 12.00
# Visual Studio Version 16
VisualStudioVersion = 16.0.30907.101
MinimumVisualStudioVersion = 10.0.40219.1
Project("{FAE04EC0-301F-11D3-BF4B-00C04F79EFBC}") = "Proje_Hastane", "Proje_Hastane\Proje_Hastane.csproj", "{9DFD6082-8ED3-44F7-9EE1-19BD0E138619}"
EndProject
Global
	GlobalSection(SolutionConfigurationPlatforms) = preSolution
		Debug|Any CPU = Debug|Any CPU
		Release|Any CPU = Release|Any CPU
	EndGlobalSection
	GlobalSection(ProjectConfigurationPlatforms) = postSolution
		{9DFD6082-8ED3-44F7-9EE1-19BD0E138619}.Debug|Any CPU.ActiveCfg = Debug|Any CPU
		{9DFD6082-8ED3-44F7-9EE1-19BD0E138619}.Debug|Any CPU.Build.0 = Debug|Any CPU
		{9DFD6082-8ED3-44F7-9EE1-19BD0E138619}.Release|Any CPU.ActiveCfg = Release|Any CPU
		{9DFD6082-8ED3-44F7-9EE1-19BD0E138619}.Release|Any CPU.Build.0 = Release|Any CPU
	EndGlobalSection
	GlobalSection(SolutionProperties) = preSolution
		HideSolutionNode = FALSE
	EndGlobalSection
	GlobalSection(ExtensibilityGlobals) = postSolution
		SolutionGuid = {CBDF6F13-B5D5-4F21-AAE4-F5659CA5A5EF}
	EndGlobalSection
EndGlobal
